// !$*UTF8*$!
{
	archiveVersion = 1;
	classes = {
	};
	objectVersion = 55;
	objects = {

/* Begin PBXBuildFile section */
		8207F93D27D934850009539B /* PhotosViewController.swift in Sources */ = {isa = PBXBuildFile; fileRef = 8207F93C27D934850009539B /* PhotosViewController.swift */; };
		8207F94127D94FF60009539B /* PhotosCollectionViewCell.swift in Sources */ = {isa = PBXBuildFile; fileRef = 8207F94027D94FF60009539B /* PhotosCollectionViewCell.swift */; };
		8209FB2D27D680B3002F801B /* PhotosTableViewCell.swift in Sources */ = {isa = PBXBuildFile; fileRef = 8209FB2C27D680B3002F801B /* PhotosTableViewCell.swift */; };
		8209FB2F27D6867B002F801B /* PhotosArray.swift in Sources */ = {isa = PBXBuildFile; fileRef = 8209FB2E27D6867B002F801B /* PhotosArray.swift */; };
		8220947527C8E8E700D3536A /* Post.swift in Sources */ = {isa = PBXBuildFile; fileRef = 8220947427C8E8E700D3536A /* Post.swift */; };
		8220947727C8F31200D3536A /* PostTableViewCell.swift in Sources */ = {isa = PBXBuildFile; fileRef = 8220947627C8F31200D3536A /* PostTableViewCell.swift */; };
		8266742D27B3FFA300B58B00 /* AppDelegate.swift in Sources */ = {isa = PBXBuildFile; fileRef = 8266742C27B3FFA300B58B00 /* AppDelegate.swift */; };
		8266743127B3FFA300B58B00 /* ProfileViewController.swift in Sources */ = {isa = PBXBuildFile; fileRef = 8266743027B3FFA300B58B00 /* ProfileViewController.swift */; };
		8266743627B3FFA400B58B00 /* Assets.xcassets in Resources */ = {isa = PBXBuildFile; fileRef = 8266743527B3FFA400B58B00 /* Assets.xcassets */; };
		8266743927B3FFA400B58B00 /* LaunchScreen.storyboard in Resources */ = {isa = PBXBuildFile; fileRef = 8266743727B3FFA400B58B00 /* LaunchScreen.storyboard */; };
		8266744127B4055900B58B00 /* FeedViewController.swift in Sources */ = {isa = PBXBuildFile; fileRef = 8266744027B4055900B58B00 /* FeedViewController.swift */; };
		8266744327B4072800B58B00 /* PostViewController.swift in Sources */ = {isa = PBXBuildFile; fileRef = 8266744227B4072800B58B00 /* PostViewController.swift */; };
		8266746727BC4AAB00B58B00 /* InfoViewController.swift in Sources */ = {isa = PBXBuildFile; fileRef = 8266746627BC4AAB00B58B00 /* InfoViewController.swift */; };
		828B858127BE54E80023D6B5 /* ProfileHeaderView.swift in Sources */ = {isa = PBXBuildFile; fileRef = 828B858027BE54E80023D6B5 /* ProfileHeaderView.swift */; };
		828B858627C3A13E0023D6B5 /* LogInViewController.swift in Sources */ = {isa = PBXBuildFile; fileRef = 828B858527C3A13E0023D6B5 /* LogInViewController.swift */; };
/* End PBXBuildFile section */

/* Begin PBXFileReference section */
		8207F93C27D934850009539B /* PhotosViewController.swift */ = {isa = PBXFileReference; lastKnownFileType = sourcecode.swift; path = PhotosViewController.swift; sourceTree = "<group>"; };
		8207F94027D94FF60009539B /* PhotosCollectionViewCell.swift */ = {isa = PBXFileReference; lastKnownFileType = sourcecode.swift; path = PhotosCollectionViewCell.swift; sourceTree = "<group>"; };
		8209FB2C27D680B3002F801B /* PhotosTableViewCell.swift */ = {isa = PBXFileReference; lastKnownFileType = sourcecode.swift; path = PhotosTableViewCell.swift; sourceTree = "<group>"; };
		8209FB2E27D6867B002F801B /* PhotosArray.swift */ = {isa = PBXFileReference; lastKnownFileType = sourcecode.swift; path = PhotosArray.swift; sourceTree = "<group>"; };
		8220947427C8E8E700D3536A /* Post.swift */ = {isa = PBXFileReference; lastKnownFileType = sourcecode.swift; path = Post.swift; sourceTree = "<group>"; };
		8220947627C8F31200D3536A /* PostTableViewCell.swift */ = {isa = PBXFileReference; lastKnownFileType = sourcecode.swift; path = PostTableViewCell.swift; sourceTree = "<group>"; };
		8266742927B3FFA300B58B00 /* Navigation.app */ = {isa = PBXFileReference; explicitFileType = wrapper.application; includeInIndex = 0; path = Navigation.app; sourceTree = BUILT_PRODUCTS_DIR; };
		8266742C27B3FFA300B58B00 /* AppDelegate.swift */ = {isa = PBXFileReference; lastKnownFileType = sourcecode.swift; path = AppDelegate.swift; sourceTree = "<group>"; };
		8266743027B3FFA300B58B00 /* ProfileViewController.swift */ = {isa = PBXFileReference; lastKnownFileType = sourcecode.swift; path = ProfileViewController.swift; sourceTree = "<group>"; };
		8266743527B3FFA400B58B00 /* Assets.xcassets */ = {isa = PBXFileReference; lastKnownFileType = folder.assetcatalog; path = Assets.xcassets; sourceTree = "<group>"; };
		8266743827B3FFA400B58B00 /* Base */ = {isa = PBXFileReference; lastKnownFileType = file.storyboard; name = Base; path = Base.lproj/LaunchScreen.storyboard; sourceTree = "<group>"; };
		8266743A27B3FFA400B58B00 /* Info.plist */ = {isa = PBXFileReference; lastKnownFileType = text.plist.xml; path = Info.plist; sourceTree = "<group>"; };
		8266744027B4055900B58B00 /* FeedViewController.swift */ = {isa = PBXFileReference; lastKnownFileType = sourcecode.swift; path = FeedViewController.swift; sourceTree = "<group>"; };
		8266744227B4072800B58B00 /* PostViewController.swift */ = {isa = PBXFileReference; lastKnownFileType = sourcecode.swift; path = PostViewController.swift; sourceTree = "<group>"; };
		8266746627BC4AAB00B58B00 /* InfoViewController.swift */ = {isa = PBXFileReference; lastKnownFileType = sourcecode.swift; path = InfoViewController.swift; sourceTree = "<group>"; };
		828B858027BE54E80023D6B5 /* ProfileHeaderView.swift */ = {isa = PBXFileReference; lastKnownFileType = sourcecode.swift; path = ProfileHeaderView.swift; sourceTree = "<group>"; };
		828B858527C3A13E0023D6B5 /* LogInViewController.swift */ = {isa = PBXFileReference; lastKnownFileType = sourcecode.swift; path = LogInViewController.swift; sourceTree = "<group>"; };
/* End PBXFileReference section */

/* Begin PBXFrameworksBuildPhase section */
		8266742627B3FFA300B58B00 /* Frameworks */ = {
			isa = PBXFrameworksBuildPhase;
			buildActionMask = 2147483647;
			files = (
			);
			runOnlyForDeploymentPostprocessing = 0;
		};
/* End PBXFrameworksBuildPhase section */

/* Begin PBXGroup section */
		8207F93E27D94D320009539B /* Cell */ = {
			isa = PBXGroup;
			children = (
				8220947627C8F31200D3536A /* PostTableViewCell.swift */,
				8209FB2C27D680B3002F801B /* PhotosTableViewCell.swift */,
				8207F94027D94FF60009539B /* PhotosCollectionViewCell.swift */,
			);
			path = Cell;
			sourceTree = "<group>";
		};
		8207F93F27D94D880009539B /* ProfileControllers */ = {
			isa = PBXGroup;
			children = (
				8266743027B3FFA300B58B00 /* ProfileViewController.swift */,
				828B858527C3A13E0023D6B5 /* LogInViewController.swift */,
				8207F93C27D934850009539B /* PhotosViewController.swift */,
			);
			path = ProfileControllers;
			sourceTree = "<group>";
		};
		8207F94227DA0A830009539B /* SupportFiles */ = {
			isa = PBXGroup;
			children = (
				8220947427C8E8E700D3536A /* Post.swift */,
				8209FB2E27D6867B002F801B /* PhotosArray.swift */,
			);
			path = SupportFiles;
			sourceTree = "<group>";
		};
		8266742027B3FFA300B58B00 = {
			isa = PBXGroup;
			children = (
				8266742B27B3FFA300B58B00 /* Navigation */,
				8266742A27B3FFA300B58B00 /* Products */,
			);
			sourceTree = "<group>";
		};
		8266742A27B3FFA300B58B00 /* Products */ = {
			isa = PBXGroup;
			children = (
				8266742927B3FFA300B58B00 /* Navigation.app */,
			);
			name = Products;
			sourceTree = "<group>";
		};
		8266742B27B3FFA300B58B00 /* Navigation */ = {
			isa = PBXGroup;
			children = (
				8266742C27B3FFA300B58B00 /* AppDelegate.swift */,
				828B857F27BE54A70023D6B5 /* Profile */,
				8207F94227DA0A830009539B /* SupportFiles */,
				8266744027B4055900B58B00 /* FeedViewController.swift */,
				8266744227B4072800B58B00 /* PostViewController.swift */,
				8266746627BC4AAB00B58B00 /* InfoViewController.swift */,
				8266743527B3FFA400B58B00 /* Assets.xcassets */,
				8266743727B3FFA400B58B00 /* LaunchScreen.storyboard */,
				8266743A27B3FFA400B58B00 /* Info.plist */,
			);
			path = Navigation;
			sourceTree = "<group>";
		};
		828B857F27BE54A70023D6B5 /* Profile */ = {
			isa = PBXGroup;
			children = (
				8207F93F27D94D880009539B /* ProfileControllers */,
				8207F93E27D94D320009539B /* Cell */,
				828B858027BE54E80023D6B5 /* ProfileHeaderView.swift */,
			);
			path = Profile;
			sourceTree = "<group>";
		};
/* End PBXGroup section */

/* Begin PBXNativeTarget section */
		8266742827B3FFA300B58B00 /* Navigation */ = {
			isa = PBXNativeTarget;
			buildConfigurationList = 8266743D27B3FFA400B58B00 /* Build configuration list for PBXNativeTarget "Navigation" */;
			buildPhases = (
				8266742527B3FFA300B58B00 /* Sources */,
				8266742627B3FFA300B58B00 /* Frameworks */,
				8266742727B3FFA300B58B00 /* Resources */,
			);
			buildRules = (
			);
			dependencies = (
			);
			name = Navigation;
			productName = Navigation;
			productReference = 8266742927B3FFA300B58B00 /* Navigation.app */;
			productType = "com.apple.product-type.application";
		};
/* End PBXNativeTarget section */

/* Begin PBXProject section */
		8266742127B3FFA300B58B00 /* Project object */ = {
			isa = PBXProject;
			attributes = {
				BuildIndependentTargetsInParallel = 1;
				LastSwiftUpdateCheck = 1320;
				LastUpgradeCheck = 1320;
				TargetAttributes = {
					8266742827B3FFA300B58B00 = {
						CreatedOnToolsVersion = 13.2.1;
					};
				};
			};
			buildConfigurationList = 8266742427B3FFA300B58B00 /* Build configuration list for PBXProject "Navigation" */;
			compatibilityVersion = "Xcode 13.0";
			developmentRegion = en;
			hasScannedForEncodings = 0;
			knownRegions = (
				en,
				Base,
			);
			mainGroup = 8266742027B3FFA300B58B00;
			productRefGroup = 8266742A27B3FFA300B58B00 /* Products */;
			projectDirPath = "";
			projectRoot = "";
			targets = (
				8266742827B3FFA300B58B00 /* Navigation */,
			);
		};
/* End PBXProject section */

/* Begin PBXResourcesBuildPhase section */
		8266742727B3FFA300B58B00 /* Resources */ = {
			isa = PBXResourcesBuildPhase;
			buildActionMask = 2147483647;
			files = (
				8266743927B3FFA400B58B00 /* LaunchScreen.storyboard in Resources */,
				8266743627B3FFA400B58B00 /* Assets.xcassets in Resources */,
			);
			runOnlyForDeploymentPostprocessing = 0;
		};
/* End PBXResourcesBuildPhase section */

/* Begin PBXSourcesBuildPhase section */
		8266742527B3FFA300B58B00 /* Sources */ = {
			isa = PBXSourcesBuildPhase;
			buildActionMask = 2147483647;
			files = (
				8209FB2D27D680B3002F801B /* PhotosTableViewCell.swift in Sources */,
				828B858127BE54E80023D6B5 /* ProfileHeaderView.swift in Sources */,
				8266744327B4072800B58B00 /* PostViewController.swift in Sources */,
				8266743127B3FFA300B58B00 /* ProfileViewController.swift in Sources */,
				8207F94127D94FF60009539B /* PhotosCollectionViewCell.swift in Sources */,
				8266744127B4055900B58B00 /* FeedViewController.swift in Sources */,
				828B858627C3A13E0023D6B5 /* LogInViewController.swift in Sources */,
				8266742D27B3FFA300B58B00 /* AppDelegate.swift in Sources */,
				8209FB2F27D6867B002F801B /* PhotosArray.swift in Sources */,
				8220947527C8E8E700D3536A /* Post.swift in Sources */,
				8207F93D27D934850009539B /* PhotosViewController.swift in Sources */,
				8266746727BC4AAB00B58B00 /* InfoViewController.swift in Sources */,
				8220947727C8F31200D3536A /* PostTableViewCell.swift in Sources */,
			);
			runOnlyForDeploymentPostprocessing = 0;
		};
/* End PBXSourcesBuildPhase section */

/* Begin PBXVariantGroup section */
		8266743727B3FFA400B58B00 /* LaunchScreen.storyboard */ = {
			isa = PBXVariantGroup;
			children = (
				8266743827B3FFA400B58B00 /* Base */,
			);
			name = LaunchScreen.storyboard;
			sourceTree = "<group>";
		};
/* End PBXVariantGroup section */

/* Begin XCBuildConfiguration section */
		8266743B27B3FFA400B58B00 /* Debug */ = {
			isa = XCBuildConfiguration;
			buildSettings = {
				ALWAYS_SEARCH_USER_PATHS = NO;
				CLANG_ANALYZER_NONNULL = YES;
				CLANG_ANALYZER_NUMBER_OBJECT_CONVERSION = YES_AGGRESSIVE;
				CLANG_CXX_LANGUAGE_STANDARD = "gnu++17";
				CLANG_CXX_LIBRARY = "libc++";
				CLANG_ENABLE_MODULES = YES;
				CLANG_ENABLE_OBJC_ARC = YES;
				CLANG_ENABLE_OBJC_WEAK = YES;
				CLANG_WARN_BLOCK_CAPTURE_AUTORELEASING = YES;
				CLANG_WARN_BOOL_CONVERSION = YES;
				CLANG_WARN_COMMA = YES;
				CLANG_WARN_CONSTANT_CONVERSION = YES;
				CLANG_WARN_DEPRECATED_OBJC_IMPLEMENTATIONS = YES;
				CLANG_WARN_DIRECT_OBJC_ISA_USAGE = YES_ERROR;
				CLANG_WARN_DOCUMENTATION_COMMENTS = YES;
				CLANG_WARN_EMPTY_BODY = YES;
				CLANG_WARN_ENUM_CONVERSION = YES;
				CLANG_WARN_INFINITE_RECURSION = YES;
				CLANG_WARN_INT_CONVERSION = YES;
				CLANG_WARN_NON_LITERAL_NULL_CONVERSION = YES;
				CLANG_WARN_OBJC_IMPLICIT_RETAIN_SELF = YES;
				CLANG_WARN_OBJC_LITERAL_CONVERSION = YES;
				CLANG_WARN_OBJC_ROOT_CLASS = YES_ERROR;
				CLANG_WARN_QUOTED_INCLUDE_IN_FRAMEWORK_HEADER = YES;
				CLANG_WARN_RANGE_LOOP_ANALYSIS = YES;
				CLANG_WARN_STRICT_PROTOTYPES = YES;
				CLANG_WARN_SUSPICIOUS_MOVE = YES;
				CLANG_WARN_UNGUARDED_AVAILABILITY = YES_AGGRESSIVE;
				CLANG_WARN_UNREACHABLE_CODE = YES;
				CLANG_WARN__DUPLICATE_METHOD_MATCH = YES;
				COPY_PHASE_STRIP = NO;
				DEBUG_INFORMATION_FORMAT = dwarf;
				ENABLE_STRICT_OBJC_MSGSEND = YES;
				ENABLE_TESTABILITY = YES;
				GCC_C_LANGUAGE_STANDARD = gnu11;
				GCC_DYNAMIC_NO_PIC = NO;
				GCC_NO_COMMON_BLOCKS = YES;
				GCC_OPTIMIZATION_LEVEL = 0;
				GCC_PREPROCESSOR_DEFINITIONS = (
					"DEBUG=1",
					"$(inherited)",
				);
				GCC_WARN_64_TO_32_BIT_CONVERSION = YES;
				GCC_WARN_ABOUT_RETURN_TYPE = YES_ERROR;
				GCC_WARN_UNDECLARED_SELECTOR = YES;
				GCC_WARN_UNINITIALIZED_AUTOS = YES_AGGRESSIVE;
				GCC_WARN_UNUSED_FUNCTION = YES;
				GCC_WARN_UNUSED_VARIABLE = YES;
				IPHONEOS_DEPLOYMENT_TARGET = 15.2;
				MTL_ENABLE_DEBUG_INFO = INCLUDE_SOURCE;
				MTL_FAST_MATH = YES;
				ONLY_ACTIVE_ARCH = YES;
				SDKROOT = iphoneos;
				SWIFT_ACTIVE_COMPILATION_CONDITIONS = DEBUG;
				SWIFT_OPTIMIZATION_LEVEL = "-Onone";
			};
			name = Debug;
		};
		8266743C27B3FFA400B58B00 /* Release */ = {
			isa = XCBuildConfiguration;
			buildSettings = {
				ALWAYS_SEARCH_USER_PATHS = NO;
				CLANG_ANALYZER_NONNULL = YES;
				CLANG_ANALYZER_NUMBER_OBJECT_CONVERSION = YES_AGGRESSIVE;
				CLANG_CXX_LANGUAGE_STANDARD = "gnu++17";
				CLANG_CXX_LIBRARY = "libc++";
				CLANG_ENABLE_MODULES = YES;
				CLANG_ENABLE_OBJC_ARC = YES;
				CLANG_ENABLE_OBJC_WEAK = YES;
				CLANG_WARN_BLOCK_CAPTURE_AUTORELEASING = YES;
				CLANG_WARN_BOOL_CONVERSION = YES;
				CLANG_WARN_COMMA = YES;
				CLANG_WARN_CONSTANT_CONVERSION = YES;
				CLANG_WARN_DEPRECATED_OBJC_IMPLEMENTATIONS = YES;
				CLANG_WARN_DIRECT_OBJC_ISA_USAGE = YES_ERROR;
				CLANG_WARN_DOCUMENTATION_COMMENTS = YES;
				CLANG_WARN_EMPTY_BODY = YES;
				CLANG_WARN_ENUM_CONVERSION = YES;
				CLANG_WARN_INFINITE_RECURSION = YES;
				CLANG_WARN_INT_CONVERSION = YES;
				CLANG_WARN_NON_LITERAL_NULL_CONVERSION = YES;
				CLANG_WARN_OBJC_IMPLICIT_RETAIN_SELF = YES;
				CLANG_WARN_OBJC_LITERAL_CONVERSION = YES;
				CLANG_WARN_OBJC_ROOT_CLASS = YES_ERROR;
				CLANG_WARN_QUOTED_INCLUDE_IN_FRAMEWORK_HEADER = YES;
				CLANG_WARN_RANGE_LOOP_ANALYSIS = YES;
				CLANG_WARN_STRICT_PROTOTYPES = YES;
				CLANG_WARN_SUSPICIOUS_MOVE = YES;
				CLANG_WARN_UNGUARDED_AVAILABILITY = YES_AGGRESSIVE;
				CLANG_WARN_UNREACHABLE_CODE = YES;
				CLANG_WARN__DUPLICATE_METHOD_MATCH = YES;
				COPY_PHASE_STRIP = NO;
				DEBUG_INFORMATION_FORMAT = "dwarf-with-dsym";
				ENABLE_NS_ASSERTIONS = NO;
				ENABLE_STRICT_OBJC_MSGSEND = YES;
				GCC_C_LANGUAGE_STANDARD = gnu11;
				GCC_NO_COMMON_BLOCKS = YES;
				GCC_WARN_64_TO_32_BIT_CONVERSION = YES;
				GCC_WARN_ABOUT_RETURN_TYPE = YES_ERROR;
				GCC_WARN_UNDECLARED_SELECTOR = YES;
				GCC_WARN_UNINITIALIZED_AUTOS = YES_AGGRESSIVE;
				GCC_WARN_UNUSED_FUNCTION = YES;
				GCC_WARN_UNUSED_VARIABLE = YES;
				IPHONEOS_DEPLOYMENT_TARGET = 15.2;
				MTL_ENABLE_DEBUG_INFO = NO;
				MTL_FAST_MATH = YES;
				SDKROOT = iphoneos;
				SWIFT_COMPILATION_MODE = wholemodule;
				SWIFT_OPTIMIZATION_LEVEL = "-O";
				VALIDATE_PRODUCT = YES;
			};
			name = Release;
		};
		8266743E27B3FFA400B58B00 /* Debug */ = {
			isa = XCBuildConfiguration;
			buildSettings = {
				ASSETCATALOG_COMPILER_APPICON_NAME = AppIcon;
				ASSETCATALOG_COMPILER_GLOBAL_ACCENT_COLOR_NAME = AccentColor;
				CODE_SIGN_STYLE = Automatic;
				CURRENT_PROJECT_VERSION = 1;
				DEVELOPMENT_TEAM = K4MUR7ZSY5;
				GENERATE_INFOPLIST_FILE = YES;
				INFOPLIST_FILE = Navigation/Info.plist;
				INFOPLIST_KEY_UIApplicationSupportsIndirectInputEvents = YES;
				INFOPLIST_KEY_UILaunchStoryboardName = LaunchScreen;
				INFOPLIST_KEY_UISupportedInterfaceOrientations_iPad = "UIInterfaceOrientationPortrait UIInterfaceOrientationPortraitUpsideDown UIInterfaceOrientationLandscapeLeft UIInterfaceOrientationLandscapeRight";
				INFOPLIST_KEY_UISupportedInterfaceOrientations_iPhone = "UIInterfaceOrientationPortrait UIInterfaceOrientationLandscapeLeft UIInterfaceOrientationLandscapeRight";
				LD_RUNPATH_SEARCH_PATHS = (
					"$(inherited)",
					"@executable_path/Frameworks",
				);
				MARKETING_VERSION = 1.0;
				PRODUCT_BUNDLE_IDENTIFIER = "Chaschin-Ivan.Navigation";
				PRODUCT_NAME = "$(TARGET_NAME)";
				SWIFT_EMIT_LOC_STRINGS = YES;
				SWIFT_VERSION = 5.0;
				TARGETED_DEVICE_FAMILY = "1,2";
			};
			name = Debug;
		};
		8266743F27B3FFA400B58B00 /* Release */ = {
			isa = XCBuildConfiguration;
			buildSettings = {
				ASSETCATALOG_COMPILER_APPICON_NAME = AppIcon;
				ASSETCATALOG_COMPILER_GLOBAL_ACCENT_COLOR_NAME = AccentColor;
				CODE_SIGN_STYLE = Automatic;
				CURRENT_PROJECT_VERSION = 1;
				DEVELOPMENT_TEAM = K4MUR7ZSY5;
				GENERATE_INFOPLIST_FILE = YES;
				INFOPLIST_FILE = Navigation/Info.plist;
				INFOPLIST_KEY_UIApplicationSupportsIndirectInputEvents = YES;
				INFOPLIST_KEY_UILaunchStoryboardName = LaunchScreen;
				INFOPLIST_KEY_UISupportedInterfaceOrientations_iPad = "UIInterfaceOrientationPortrait UIInterfaceOrientationPortraitUpsideDown UIInterfaceOrientationLandscapeLeft UIInterfaceOrientationLandscapeRight";
				INFOPLIST_KEY_UISupportedInterfaceOrientations_iPhone = "UIInterfaceOrientationPortrait UIInterfaceOrientationLandscapeLeft UIInterfaceOrientationLandscapeRight";
				LD_RUNPATH_SEARCH_PATHS = (
					"$(inherited)",
					"@executable_path/Frameworks",
				);
				MARKETING_VERSION = 1.0;
				PRODUCT_BUNDLE_IDENTIFIER = "Chaschin-Ivan.Navigation";
				PRODUCT_NAME = "$(TARGET_NAME)";
				SWIFT_EMIT_LOC_STRINGS = YES;
				SWIFT_VERSION = 5.0;
				TARGETED_DEVICE_FAMILY = "1,2";
			};
			name = Release;
		};
/* End XCBuildConfiguration section */

/* Begin XCConfigurationList section */
		8266742427B3FFA300B58B00 /* Build configuration list for PBXProject "Navigation" */ = {
			isa = XCConfigurationList;
			buildConfigurations = (
				8266743B27B3FFA400B58B00 /* Debug */,
				8266743C27B3FFA400B58B00 /* Release */,
			);
			defaultConfigurationIsVisible = 0;
			defaultConfigurationName = Release;
		};
		8266743D27B3FFA400B58B00 /* Build configuration list for PBXNativeTarget "Navigation" */ = {
			isa = XCConfigurationList;
			buildConfigurations = (
				8266743E27B3FFA400B58B00 /* Debug */,
				8266743F27B3FFA400B58B00 /* Release */,
			);
			defaultConfigurationIsVisible = 0;
			defaultConfigurationName = Release;
		};
/* End XCConfigurationList section */
	};
	rootObject = 8266742127B3FFA300B58B00 /* Project object */;
}
